
Microsoft Visual Studio Solution File, Format Version 12.00
# Visual Studio 15
VisualStudioVersion = 15.0.27428.2027
MinimumVisualStudioVersion = 10.0.40219.1
Project("{FAE04EC0-301F-11D3-BF4B-00C04F79EFBC}") = "BookApi", "BookApi\BookApi.csproj", "{8B292A13-F2E4-4742-8166-8D28A9E8E31F}"
EndProject
Project("{FAE04EC0-301F-11D3-BF4B-00C04F79EFBC}") = "BooksApiDbLib", "BooksApiDbLib\BooksApiDbLib.csproj", "{3FA33ECF-4FCB-4E89-B6D8-211D92EA6F00}"
EndProject
Global
	GlobalSection(SolutionConfigurationPlatforms) = preSolution
		Debug|Any CPU = Debug|Any CPU
		Release|Any CPU = Release|Any CPU
	EndGlobalSection
	GlobalSection(ProjectConfigurationPlatforms) = postSolution
		{8B292A13-F2E4-4742-8166-8D28A9E8E31F}.Debug|Any CPU.ActiveCfg = Debug|Any CPU
		{8B292A13-F2E4-4742-8166-8D28A9E8E31F}.Debug|Any CPU.Build.0 = Debug|Any CPU
		{8B292A13-F2E4-4742-8166-8D28A9E8E31F}.Release|Any CPU.ActiveCfg = Release|Any CPU
		{8B292A13-F2E4-4742-8166-8D28A9E8E31F}.Release|Any CPU.Build.0 = Release|Any CPU
		{3FA33ECF-4FCB-4E89-B6D8-211D92EA6F00}.Debug|Any CPU.ActiveCfg = Debug|Any CPU
		{3FA33ECF-4FCB-4E89-B6D8-211D92EA6F00}.Debug|Any CPU.Build.0 = Debug|Any CPU
		{3FA33ECF-4FCB-4E89-B6D8-211D92EA6F00}.Release|Any CPU.ActiveCfg = Release|Any CPU
		{3FA33ECF-4FCB-4E89-B6D8-211D92EA6F00}.Release|Any CPU.Build.0 = Release|Any CPU
	EndGlobalSection
	GlobalSection(SolutionProperties) = preSolution
		HideSolutionNode = FALSE
	EndGlobalSection
	GlobalSection(ExtensibilityGlobals) = postSolution
		SolutionGuid = {D0309584-15EA-428D-AAD7-63D752CD6FF6}
	EndGlobalSection
EndGlobal
